
Microsoft Visual Studio Solution File, Format Version 12.00
# Visual Studio 2012
Project("{FAE04EC0-301F-11D3-BF4B-00C04F79EFBC}") = "WPFBrowserCalculator", "WPFBrowserCalculator\WPFBrowserCalculator.csproj", "{1C0822B8-BA74-43CD-B5D8-FAF1BEA8313D}"
EndProject
Project("{FAE04EC0-301F-11D3-BF4B-00C04F79EFBC}") = "UnitTestProject1", "UnitTestProject1\UnitTestProject1.csproj", "{53BBE898-CE35-4689-AA88-FFD026CD2629}"
EndProject
Project("{FAE04EC0-301F-11D3-BF4B-00C04F79EFBC}") = "ClassLibrary", "ClassLibrary\ClassLibrary.csproj", "{F2485DB1-0462-47E1-A238-FB0E2669FD1C}"
EndProject
Global
	GlobalSection(SolutionConfigurationPlatforms) = preSolution
		Debug|Any CPU = Debug|Any CPU
		Release|Any CPU = Release|Any CPU
	EndGlobalSection
	GlobalSection(ProjectConfigurationPlatforms) = postSolution
		{1C0822B8-BA74-43CD-B5D8-FAF1BEA8313D}.Debug|Any CPU.ActiveCfg = Debug|Any CPU
		{1C0822B8-BA74-43CD-B5D8-FAF1BEA8313D}.Debug|Any CPU.Build.0 = Debug|Any CPU
		{1C0822B8-BA74-43CD-B5D8-FAF1BEA8313D}.Release|Any CPU.ActiveCfg = Release|Any CPU
		{1C0822B8-BA74-43CD-B5D8-FAF1BEA8313D}.Release|Any CPU.Build.0 = Release|Any CPU
		{53BBE898-CE35-4689-AA88-FFD026CD2629}.Debug|Any CPU.ActiveCfg = Debug|Any CPU
		{53BBE898-CE35-4689-AA88-FFD026CD2629}.Debug|Any CPU.Build.0 = Debug|Any CPU
		{53BBE898-CE35-4689-AA88-FFD026CD2629}.Release|Any CPU.ActiveCfg = Release|Any CPU
		{53BBE898-CE35-4689-AA88-FFD026CD2629}.Release|Any CPU.Build.0 = Release|Any CPU
		{F2485DB1-0462-47E1-A238-FB0E2669FD1C}.Debug|Any CPU.ActiveCfg = Debug|Any CPU
		{F2485DB1-0462-47E1-A238-FB0E2669FD1C}.Debug|Any CPU.Build.0 = Debug|Any CPU
		{F2485DB1-0462-47E1-A238-FB0E2669FD1C}.Release|Any CPU.ActiveCfg = Release|Any CPU
		{F2485DB1-0462-47E1-A238-FB0E2669FD1C}.Release|Any CPU.Build.0 = Release|Any CPU
	EndGlobalSection
	GlobalSection(SolutionProperties) = preSolution
		HideSolutionNode = FALSE
	EndGlobalSection
EndGlobal
